
Microsoft Visual Studio Solution File, Format Version 12.00
# Visual Studio 15
VisualStudioVersion = 15.0.27004.2010
MinimumVisualStudioVersion = 10.0.40219.1
Project("{FAE04EC0-301F-11D3-BF4B-00C04F79EFBC}") = "WebApplication2", "WebApplication2\WebApplication2.csproj", "{7507849A-0CFF-4B7C-B0D3-1E9808C1E592}"
EndProject
Global
	GlobalSection(SolutionConfigurationPlatforms) = preSolution
		Debug|Any CPU = Debug|Any CPU
		Release|Any CPU = Release|Any CPU
	EndGlobalSection
	GlobalSection(ProjectConfigurationPlatforms) = postSolution
		{7507849A-0CFF-4B7C-B0D3-1E9808C1E592}.Debug|Any CPU.ActiveCfg = Debug|Any CPU
		{7507849A-0CFF-4B7C-B0D3-1E9808C1E592}.Debug|Any CPU.Build.0 = Debug|Any CPU
		{7507849A-0CFF-4B7C-B0D3-1E9808C1E592}.Release|Any CPU.ActiveCfg = Release|Any CPU
		{7507849A-0CFF-4B7C-B0D3-1E9808C1E592}.Release|Any CPU.Build.0 = Release|Any CPU
	EndGlobalSection
	GlobalSection(SolutionProperties) = preSolution
		HideSolutionNode = FALSE
	EndGlobalSection
	GlobalSection(ExtensibilityGlobals) = postSolution
		SolutionGuid = {D288D48A-9AD7-4DEE-8586-2A1E7091D76A}
	EndGlobalSection
EndGlobal
